
Microsoft Visual Studio Solution File, Format Version 12.00
# Visual Studio Version 16
VisualStudioVersion = 16.0.33927.289
MinimumVisualStudioVersion = 10.0.40219.1
Project("{2150E333-8FDC-42A3-9474-1A3956D46DE8}") = "Task0", "Task0", "{188420B0-3EF1-409E-9A3B-009842CDCB34}"
EndProject
Project("{FAE04EC0-301F-11D3-BF4B-00C04F79EFBC}") = "Tyuiu.PyanzinaMA.Sprint3.Task0.V15", "Tyuiu.PyanzinaMA.Sprint3.Task0.V15\Tyuiu.PyanzinaMA.Sprint3.Task0.V15.csproj", "{15A87918-DE35-4DCE-BF82-7F369C1BFBCD}"
EndProject
Project("{FAE04EC0-301F-11D3-BF4B-00C04F79EFBC}") = "Tyuiu.PyanzinaMA.Sprint3.Task0.V15.Test", "Tyuiu.PyanzinaMA.Sprint3.Task0.V15.Test\Tyuiu.PyanzinaMA.Sprint3.Task0.V15.Test.csproj", "{D5B0BA80-E132-483F-BB92-EB0DD6CF87CE}"
EndProject
Project("{FAE04EC0-301F-11D3-BF4B-00C04F79EFBC}") = "Tyuiu.PyanzinaMA.Sprint3.Task0.V15.Lib", "Tyuiu.PyanzinaMA.Sprint3.Task0.V15.Lib\Tyuiu.PyanzinaMA.Sprint3.Task0.V15.Lib.csproj", "{BDC5A52F-8E3B-4BEC-A90D-0484B10F250D}"
EndProject
Project("{2150E333-8FDC-42A3-9474-1A3956D46DE8}") = "Task1", "Task1", "{7DC38A44-2BB9-4E8F-8F2F-EEE35EE2587A}"
EndProject
Project("{FAE04EC0-301F-11D3-BF4B-00C04F79EFBC}") = "Tyuiu.PyanzinaMA.Sprint3.Task1.V1", "Tyuiu.PyanzinaMA.Sprint3.Task1.V1\Tyuiu.PyanzinaMA.Sprint3.Task1.V1.csproj", "{A04D4E0E-5901-45A4-BBEA-B2E6A995C4D0}"
EndProject
Project("{FAE04EC0-301F-11D3-BF4B-00C04F79EFBC}") = "Tyuiu.PyanzinaMA.Sprint3.Task1.V1.Lib", "Tyuiu.PyanzinaMA.Sprint3.Task1.V1.Lib\Tyuiu.PyanzinaMA.Sprint3.Task1.V1.Lib.csproj", "{9396F0B1-6A01-40F6-9AAC-CB438D5A5E8D}"
EndProject
Project("{FAE04EC0-301F-11D3-BF4B-00C04F79EFBC}") = "Tyuiu.PyanzinaMA.Sprint3.Task1.V1.Test", "Tyuiu.PyanzinaMA.Sprint3.Task1.V1.Test\Tyuiu.PyanzinaMA.Sprint3.Task1.V1.Test.csproj", "{205E36D1-12C6-4DBB-868A-44091BF05075}"
EndProject
Project("{2150E333-8FDC-42A3-9474-1A3956D46DE8}") = "Task2", "Task2", "{CF056AA9-6E98-42F4-9290-381760802D3E}"
EndProject
Project("{FAE04EC0-301F-11D3-BF4B-00C04F79EFBC}") = "Tyuiu.PyanzinaMA.Sprint3.Task2.V19.Test", "Tyuiu.PyanzinaMA.Sprint3.Task2.V19.Test\Tyuiu.PyanzinaMA.Sprint3.Task2.V19.Test.csproj", "{E79332F7-CF42-4EDC-B350-150340E0056F}"
EndProject
Project("{FAE04EC0-301F-11D3-BF4B-00C04F79EFBC}") = "Tyuiu.PyanzinaMA.Sprint3.Task2.V19.Lib", "Tyuiu.PyanzinaMA.Sprint3.Task2.V19.Lib\Tyuiu.PyanzinaMA.Sprint3.Task2.V19.Lib.csproj", "{42646E0B-4CB2-44E3-BD14-9D0068FEDF5D}"
EndProject
Project("{FAE04EC0-301F-11D3-BF4B-00C04F79EFBC}") = "Tyuiu.PyanzinaMA.Sprint3.Task2.V19", "Tyuiu.PyanzinaMA.Sprint3.Task2.V19\Tyuiu.PyanzinaMA.Sprint3.Task2.V19.csproj", "{4109F69F-A40F-46B2-BAB9-3CA8366D4A27}"
EndProject
Global
	GlobalSection(SolutionConfigurationPlatforms) = preSolution
		Debug|Any CPU = Debug|Any CPU
		Release|Any CPU = Release|Any CPU
	EndGlobalSection
	GlobalSection(ProjectConfigurationPlatforms) = postSolution
		{15A87918-DE35-4DCE-BF82-7F369C1BFBCD}.Debug|Any CPU.ActiveCfg = Debug|Any CPU
		{15A87918-DE35-4DCE-BF82-7F369C1BFBCD}.Debug|Any CPU.Build.0 = Debug|Any CPU
		{15A87918-DE35-4DCE-BF82-7F369C1BFBCD}.Release|Any CPU.ActiveCfg = Release|Any CPU
		{15A87918-DE35-4DCE-BF82-7F369C1BFBCD}.Release|Any CPU.Build.0 = Release|Any CPU
		{D5B0BA80-E132-483F-BB92-EB0DD6CF87CE}.Debug|Any CPU.ActiveCfg = Debug|Any CPU
		{D5B0BA80-E132-483F-BB92-EB0DD6CF87CE}.Debug|Any CPU.Build.0 = Debug|Any CPU
		{D5B0BA80-E132-483F-BB92-EB0DD6CF87CE}.Release|Any CPU.ActiveCfg = Release|Any CPU
		{D5B0BA80-E132-483F-BB92-EB0DD6CF87CE}.Release|Any CPU.Build.0 = Release|Any CPU
		{BDC5A52F-8E3B-4BEC-A90D-0484B10F250D}.Debug|Any CPU.ActiveCfg = Debug|Any CPU
		{BDC5A52F-8E3B-4BEC-A90D-0484B10F250D}.Debug|Any CPU.Build.0 = Debug|Any CPU
		{BDC5A52F-8E3B-4BEC-A90D-0484B10F250D}.Release|Any CPU.ActiveCfg = Release|Any CPU
		{BDC5A52F-8E3B-4BEC-A90D-0484B10F250D}.Release|Any CPU.Build.0 = Release|Any CPU
		{A04D4E0E-5901-45A4-BBEA-B2E6A995C4D0}.Debug|Any CPU.ActiveCfg = Debug|Any CPU
		{A04D4E0E-5901-45A4-BBEA-B2E6A995C4D0}.Debug|Any CPU.Build.0 = Debug|Any CPU
		{A04D4E0E-5901-45A4-BBEA-B2E6A995C4D0}.Release|Any CPU.ActiveCfg = Release|Any CPU
		{A04D4E0E-5901-45A4-BBEA-B2E6A995C4D0}.Release|Any CPU.Build.0 = Release|Any CPU
		{9396F0B1-6A01-40F6-9AAC-CB438D5A5E8D}.Debug|Any CPU.ActiveCfg = Debug|Any CPU
		{9396F0B1-6A01-40F6-9AAC-CB438D5A5E8D}.Debug|Any CPU.Build.0 = Debug|Any CPU
		{9396F0B1-6A01-40F6-9AAC-CB438D5A5E8D}.Release|Any CPU.ActiveCfg = Release|Any CPU
		{9396F0B1-6A01-40F6-9AAC-CB438D5A5E8D}.Release|Any CPU.Build.0 = Release|Any CPU
		{205E36D1-12C6-4DBB-868A-44091BF05075}.Debug|Any CPU.ActiveCfg = Debug|Any CPU
		{205E36D1-12C6-4DBB-868A-44091BF05075}.Debug|Any CPU.Build.0 = Debug|Any CPU
		{205E36D1-12C6-4DBB-868A-44091BF05075}.Release|Any CPU.ActiveCfg = Release|Any CPU
		{205E36D1-12C6-4DBB-868A-44091BF05075}.Release|Any CPU.Build.0 = Release|Any CPU
		{E79332F7-CF42-4EDC-B350-150340E0056F}.Debug|Any CPU.ActiveCfg = Debug|Any CPU
		{E79332F7-CF42-4EDC-B350-150340E0056F}.Debug|Any CPU.Build.0 = Debug|Any CPU
		{E79332F7-CF42-4EDC-B350-150340E0056F}.Release|Any CPU.ActiveCfg = Release|Any CPU
		{E79332F7-CF42-4EDC-B350-150340E0056F}.Release|Any CPU.Build.0 = Release|Any CPU
		{42646E0B-4CB2-44E3-BD14-9D0068FEDF5D}.Debug|Any CPU.ActiveCfg = Debug|Any CPU
		{42646E0B-4CB2-44E3-BD14-9D0068FEDF5D}.Debug|Any CPU.Build.0 = Debug|Any CPU
		{42646E0B-4CB2-44E3-BD14-9D0068FEDF5D}.Release|Any CPU.ActiveCfg = Release|Any CPU
		{42646E0B-4CB2-44E3-BD14-9D0068FEDF5D}.Release|Any CPU.Build.0 = Release|Any CPU
		{4109F69F-A40F-46B2-BAB9-3CA8366D4A27}.Debug|Any CPU.ActiveCfg = Debug|Any CPU
		{4109F69F-A40F-46B2-BAB9-3CA8366D4A27}.Debug|Any CPU.Build.0 = Debug|Any CPU
		{4109F69F-A40F-46B2-BAB9-3CA8366D4A27}.Release|Any CPU.ActiveCfg = Release|Any CPU
		{4109F69F-A40F-46B2-BAB9-3CA8366D4A27}.Release|Any CPU.Build.0 = Release|Any CPU
	EndGlobalSection
	GlobalSection(SolutionProperties) = preSolution
		HideSolutionNode = FALSE
	EndGlobalSection
	GlobalSection(NestedProjects) = preSolution
		{15A87918-DE35-4DCE-BF82-7F369C1BFBCD} = {188420B0-3EF1-409E-9A3B-009842CDCB34}
		{D5B0BA80-E132-483F-BB92-EB0DD6CF87CE} = {188420B0-3EF1-409E-9A3B-009842CDCB34}
		{BDC5A52F-8E3B-4BEC-A90D-0484B10F250D} = {188420B0-3EF1-409E-9A3B-009842CDCB34}
		{A04D4E0E-5901-45A4-BBEA-B2E6A995C4D0} = {7DC38A44-2BB9-4E8F-8F2F-EEE35EE2587A}
		{9396F0B1-6A01-40F6-9AAC-CB438D5A5E8D} = {7DC38A44-2BB9-4E8F-8F2F-EEE35EE2587A}
		{205E36D1-12C6-4DBB-868A-44091BF05075} = {7DC38A44-2BB9-4E8F-8F2F-EEE35EE2587A}
		{E79332F7-CF42-4EDC-B350-150340E0056F} = {CF056AA9-6E98-42F4-9290-381760802D3E}
		{42646E0B-4CB2-44E3-BD14-9D0068FEDF5D} = {CF056AA9-6E98-42F4-9290-381760802D3E}
		{4109F69F-A40F-46B2-BAB9-3CA8366D4A27} = {CF056AA9-6E98-42F4-9290-381760802D3E}
	EndGlobalSection
	GlobalSection(ExtensibilityGlobals) = postSolution
		SolutionGuid = {56E24FA9-7105-4050-A2B0-AE59C2DEE790}
	EndGlobalSection
EndGlobal
